// !$*UTF8*$!
{
	archiveVersion = 1;
	classes = {
	};
	objectVersion = 46;
	objects = {

/* Begin PBXBuildFile section */
		5AB919081851D3A800D25790 /* UIView+Animation.m in Sources */ = {isa = PBXBuildFile; fileRef = 5AB919071851D3A800D25790 /* UIView+Animation.m */; };
		5AB9190E1851DAC100D25790 /* QuartzCore.framework in Frameworks */ = {isa = PBXBuildFile; fileRef = 5AB9190D1851DAC100D25790 /* QuartzCore.framework */; };
		5ABDB1FC184ED0A8004F2186 /* UIKit.framework in Frameworks */ = {isa = PBXBuildFile; fileRef = 5ABDB1FB184ED0A8004F2186 /* UIKit.framework */; };
		5ABDB1FE184ED0A8004F2186 /* Foundation.framework in Frameworks */ = {isa = PBXBuildFile; fileRef = 5ABDB1FD184ED0A8004F2186 /* Foundation.framework */; };
		5ABDB200184ED0A8004F2186 /* CoreGraphics.framework in Frameworks */ = {isa = PBXBuildFile; fileRef = 5ABDB1FF184ED0A8004F2186 /* CoreGraphics.framework */; };
		5ABDB206184ED0A8004F2186 /* InfoPlist.strings in Resources */ = {isa = PBXBuildFile; fileRef = 5ABDB204184ED0A8004F2186 /* InfoPlist.strings */; };
		5ABDB208184ED0A8004F2186 /* main.m in Sources */ = {isa = PBXBuildFile; fileRef = 5ABDB207184ED0A8004F2186 /* main.m */; };
		5ABDB20C184ED0A8004F2186 /* AppDelegate.m in Sources */ = {isa = PBXBuildFile; fileRef = 5ABDB20B184ED0A8004F2186 /* AppDelegate.m */; };
		5ABDB20E184ED0A8004F2186 /* Default.png in Resources */ = {isa = PBXBuildFile; fileRef = 5ABDB20D184ED0A8004F2186 /* Default.png */; };
		5ABDB210184ED0A8004F2186 /* Default@2x.png in Resources */ = {isa = PBXBuildFile; fileRef = 5ABDB20F184ED0A8004F2186 /* Default@2x.png */; };
		5ABDB212184ED0A8004F2186 /* Default-568h@2x.png in Resources */ = {isa = PBXBuildFile; fileRef = 5ABDB211184ED0A8004F2186 /* Default-568h@2x.png */; };
		5ABDB21A184ED0B3004F2186 /* HTShadowView.m in Sources */ = {isa = PBXBuildFile; fileRef = 5ABDB219184ED0B3004F2186 /* HTShadowView.m */; };
		5ABDB21E184F1BE3004F2186 /* HTAlertView.m in Sources */ = {isa = PBXBuildFile; fileRef = 5ABDB21D184F1BE3004F2186 /* HTAlertView.m */; };
		5ABDB226184F1C40004F2186 /* custom_alert_view_background.png in Resources */ = {isa = PBXBuildFile; fileRef = 5ABDB220184F1C40004F2186 /* custom_alert_view_background.png */; };
		5ABDB227184F1C40004F2186 /* custom_alert_view_background@2x.png in Resources */ = {isa = PBXBuildFile; fileRef = 5ABDB221184F1C40004F2186 /* custom_alert_view_background@2x.png */; };
		5ABDB228184F1C40004F2186 /* custom_alert_view_cancel_button.png in Resources */ = {isa = PBXBuildFile; fileRef = 5ABDB222184F1C40004F2186 /* custom_alert_view_cancel_button.png */; };
		5ABDB229184F1C40004F2186 /* custom_alert_view_cancel_button@2x.png in Resources */ = {isa = PBXBuildFile; fileRef = 5ABDB223184F1C40004F2186 /* custom_alert_view_cancel_button@2x.png */; };
		5ABDB22A184F1C40004F2186 /* custom_alert_view_submit_button.png in Resources */ = {isa = PBXBuildFile; fileRef = 5ABDB224184F1C40004F2186 /* custom_alert_view_submit_button.png */; };
		5ABDB22B184F1C40004F2186 /* custom_alert_view_submit_button@2x.png in Resources */ = {isa = PBXBuildFile; fileRef = 5ABDB225184F1C40004F2186 /* custom_alert_view_submit_button@2x.png */; };
/* End PBXBuildFile section */

/* Begin PBXFileReference section */
		5AB919061851D3A800D25790 /* UIView+Animation.h */ = {isa = PBXFileReference; fileEncoding = 4; lastKnownFileType = sourcecode.c.h; path = "UIView+Animation.h"; sourceTree = "<group>"; };
		5AB919071851D3A800D25790 /* UIView+Animation.m */ = {isa = PBXFileReference; fileEncoding = 4; lastKnownFileType = sourcecode.c.objc; path = "UIView+Animation.m"; sourceTree = "<group>"; };
		5AB9190D1851DAC100D25790 /* QuartzCore.framework */ = {isa = PBXFileReference; lastKnownFileType = wrapper.framework; name = QuartzCore.framework; path = System/Library/Frameworks/QuartzCore.framework; sourceTree = SDKROOT; };
		5ABDB1F8184ED0A8004F2186 /* HTAlertView.app */ = {isa = PBXFileReference; explicitFileType = wrapper.application; includeInIndex = 0; path = HTAlertView.app; sourceTree = BUILT_PRODUCTS_DIR; };
		5ABDB1FB184ED0A8004F2186 /* UIKit.framework */ = {isa = PBXFileReference; lastKnownFileType = wrapper.framework; name = UIKit.framework; path = System/Library/Frameworks/UIKit.framework; sourceTree = SDKROOT; };
		5ABDB1FD184ED0A8004F2186 /* Foundation.framework */ = {isa = PBXFileReference; lastKnownFileType = wrapper.framework; name = Foundation.framework; path = System/Library/Frameworks/Foundation.framework; sourceTree = SDKROOT; };
		5ABDB1FF184ED0A8004F2186 /* CoreGraphics.framework */ = {isa = PBXFileReference; lastKnownFileType = wrapper.framework; name = CoreGraphics.framework; path = System/Library/Frameworks/CoreGraphics.framework; sourceTree = SDKROOT; };
		5ABDB203184ED0A8004F2186 /* HTAlertView-Info.plist */ = {isa = PBXFileReference; lastKnownFileType = text.plist.xml; path = "HTAlertView-Info.plist"; sourceTree = "<group>"; };
		5ABDB205184ED0A8004F2186 /* en */ = {isa = PBXFileReference; lastKnownFileType = text.plist.strings; name = en; path = en.lproj/InfoPlist.strings; sourceTree = "<group>"; };
		5ABDB207184ED0A8004F2186 /* main.m */ = {isa = PBXFileReference; lastKnownFileType = sourcecode.c.objc; path = main.m; sourceTree = "<group>"; };
		5ABDB209184ED0A8004F2186 /* HTAlertView-Prefix.pch */ = {isa = PBXFileReference; lastKnownFileType = sourcecode.c.h; path = "HTAlertView-Prefix.pch"; sourceTree = "<group>"; };
		5ABDB20A184ED0A8004F2186 /* AppDelegate.h */ = {isa = PBXFileReference; lastKnownFileType = sourcecode.c.h; path = AppDelegate.h; sourceTree = "<group>"; };
		5ABDB20B184ED0A8004F2186 /* AppDelegate.m */ = {isa = PBXFileReference; lastKnownFileType = sourcecode.c.objc; path = AppDelegate.m; sourceTree = "<group>"; };
		5ABDB20D184ED0A8004F2186 /* Default.png */ = {isa = PBXFileReference; lastKnownFileType = image.png; path = Default.png; sourceTree = "<group>"; };
		5ABDB20F184ED0A8004F2186 /* Default@2x.png */ = {isa = PBXFileReference; lastKnownFileType = image.png; path = "Default@2x.png"; sourceTree = "<group>"; };
		5ABDB211184ED0A8004F2186 /* Default-568h@2x.png */ = {isa = PBXFileReference; lastKnownFileType = image.png; path = "Default-568h@2x.png"; sourceTree = "<group>"; };
		5ABDB218184ED0B3004F2186 /* HTShadowView.h */ = {isa = PBXFileReference; fileEncoding = 4; lastKnownFileType = sourcecode.c.h; path = HTShadowView.h; sourceTree = "<group>"; };
		5ABDB219184ED0B3004F2186 /* HTShadowView.m */ = {isa = PBXFileReference; fileEncoding = 4; lastKnownFileType = sourcecode.c.objc; path = HTShadowView.m; sourceTree = "<group>"; };
		5ABDB21C184F1BE3004F2186 /* HTAlertView.h */ = {isa = PBXFileReference; fileEncoding = 4; lastKnownFileType = sourcecode.c.h; path = HTAlertView.h; sourceTree = "<group>"; };
		5ABDB21D184F1BE3004F2186 /* HTAlertView.m */ = {isa = PBXFileReference; fileEncoding = 4; lastKnownFileType = sourcecode.c.objc; path = HTAlertView.m; sourceTree = "<group>"; };
		5ABDB220184F1C40004F2186 /* custom_alert_view_background.png */ = {isa = PBXFileReference; lastKnownFileType = image.png; path = custom_alert_view_background.png; sourceTree = "<group>"; };
		5ABDB221184F1C40004F2186 /* custom_alert_view_background@2x.png */ = {isa = PBXFileReference; lastKnownFileType = image.png; path = "custom_alert_view_background@2x.png"; sourceTree = "<group>"; };
		5ABDB222184F1C40004F2186 /* custom_alert_view_cancel_button.png */ = {isa = PBXFileReference; lastKnownFileType = image.png; path = custom_alert_view_cancel_button.png; sourceTree = "<group>"; };
		5ABDB223184F1C40004F2186 /* custom_alert_view_cancel_button@2x.png */ = {isa = PBXFileReference; lastKnownFileType = image.png; path = "custom_alert_view_cancel_button@2x.png"; sourceTree = "<group>"; };
		5ABDB224184F1C40004F2186 /* custom_alert_view_submit_button.png */ = {isa = PBXFileReference; lastKnownFileType = image.png; path = custom_alert_view_submit_button.png; sourceTree = "<group>"; };
		5ABDB225184F1C40004F2186 /* custom_alert_view_submit_button@2x.png */ = {isa = PBXFileReference; lastKnownFileType = image.png; path = "custom_alert_view_submit_button@2x.png"; sourceTree = "<group>"; };
/* End PBXFileReference section */

/* Begin PBXFrameworksBuildPhase section */
		5ABDB1F5184ED0A8004F2186 /* Frameworks */ = {
			isa = PBXFrameworksBuildPhase;
			buildActionMask = 2147483647;
			files = (
				5AB9190E1851DAC100D25790 /* QuartzCore.framework in Frameworks */,
				5ABDB1FC184ED0A8004F2186 /* UIKit.framework in Frameworks */,
				5ABDB1FE184ED0A8004F2186 /* Foundation.framework in Frameworks */,
				5ABDB200184ED0A8004F2186 /* CoreGraphics.framework in Frameworks */,
			);
			runOnlyForDeploymentPostprocessing = 0;
		};
/* End PBXFrameworksBuildPhase section */

/* Begin PBXGroup section */
		5ABDB1EF184ED0A8004F2186 = {
			isa = PBXGroup;
			children = (
				5AB9190D1851DAC100D25790 /* QuartzCore.framework */,
				5ABDB201184ED0A8004F2186 /* HTAlertView */,
				5ABDB1FA184ED0A8004F2186 /* Frameworks */,
				5ABDB1F9184ED0A8004F2186 /* Products */,
			);
			sourceTree = "<group>";
		};
		5ABDB1F9184ED0A8004F2186 /* Products */ = {
			isa = PBXGroup;
			children = (
				5ABDB1F8184ED0A8004F2186 /* HTAlertView.app */,
			);
			name = Products;
			sourceTree = "<group>";
		};
		5ABDB1FA184ED0A8004F2186 /* Frameworks */ = {
			isa = PBXGroup;
			children = (
				5ABDB1FB184ED0A8004F2186 /* UIKit.framework */,
				5ABDB1FD184ED0A8004F2186 /* Foundation.framework */,
				5ABDB1FF184ED0A8004F2186 /* CoreGraphics.framework */,
			);
			name = Frameworks;
			sourceTree = "<group>";
		};
		5ABDB201184ED0A8004F2186 /* HTAlertView */ = {
			isa = PBXGroup;
			children = (
				5ABDB21F184F1C2B004F2186 /* Images */,
				5ABDB20A184ED0A8004F2186 /* AppDelegate.h */,
				5ABDB20B184ED0A8004F2186 /* AppDelegate.m */,
				5ABDB218184ED0B3004F2186 /* HTShadowView.h */,
				5ABDB219184ED0B3004F2186 /* HTShadowView.m */,
				5ABDB21C184F1BE3004F2186 /* HTAlertView.h */,
				5ABDB21D184F1BE3004F2186 /* HTAlertView.m */,
				5AB919061851D3A800D25790 /* UIView+Animation.h */,
				5AB919071851D3A800D25790 /* UIView+Animation.m */,
				5ABDB202184ED0A8004F2186 /* Supporting Files */,
			);
			path = HTAlertView;
			sourceTree = "<group>";
		};
		5ABDB202184ED0A8004F2186 /* Supporting Files */ = {
			isa = PBXGroup;
			children = (
				5ABDB203184ED0A8004F2186 /* HTAlertView-Info.plist */,
				5ABDB204184ED0A8004F2186 /* InfoPlist.strings */,
				5ABDB207184ED0A8004F2186 /* main.m */,
				5ABDB209184ED0A8004F2186 /* HTAlertView-Prefix.pch */,
				5ABDB20D184ED0A8004F2186 /* Default.png */,
				5ABDB20F184ED0A8004F2186 /* Default@2x.png */,
				5ABDB211184ED0A8004F2186 /* Default-568h@2x.png */,
			);
			name = "Supporting Files";
			sourceTree = "<group>";
		};
		5ABDB21F184F1C2B004F2186 /* Images */ = {
			isa = PBXGroup;
			children = (
				5ABDB220184F1C40004F2186 /* custom_alert_view_background.png */,
				5ABDB221184F1C40004F2186 /* custom_alert_view_background@2x.png */,
				5ABDB222184F1C40004F2186 /* custom_alert_view_cancel_button.png */,
				5ABDB223184F1C40004F2186 /* custom_alert_view_cancel_button@2x.png */,
				5ABDB224184F1C40004F2186 /* custom_alert_view_submit_button.png */,
				5ABDB225184F1C40004F2186 /* custom_alert_view_submit_button@2x.png */,
			);
			name = Images;
			sourceTree = "<group>";
		};
/* End PBXGroup section */

/* Begin PBXNativeTarget section */
		5ABDB1F7184ED0A8004F2186 /* HTAlertView */ = {
			isa = PBXNativeTarget;
			buildConfigurationList = 5ABDB215184ED0A8004F2186 /* Build configuration list for PBXNativeTarget "HTAlertView" */;
			buildPhases = (
				5ABDB1F4184ED0A8004F2186 /* Sources */,
				5ABDB1F5184ED0A8004F2186 /* Frameworks */,
				5ABDB1F6184ED0A8004F2186 /* Resources */,
			);
			buildRules = (
			);
			dependencies = (
			);
			name = HTAlertView;
			productName = HTAlertView;
			productReference = 5ABDB1F8184ED0A8004F2186 /* HTAlertView.app */;
			productType = "com.apple.product-type.application";
		};
/* End PBXNativeTarget section */

/* Begin PBXProject section */
		5ABDB1F0184ED0A8004F2186 /* Project object */ = {
			isa = PBXProject;
			attributes = {
				LastUpgradeCheck = 0460;
				ORGANIZATIONNAME = MoonLightCompany;
			};
			buildConfigurationList = 5ABDB1F3184ED0A8004F2186 /* Build configuration list for PBXProject "HTAlertView" */;
			compatibilityVersion = "Xcode 3.2";
			developmentRegion = English;
			hasScannedForEncodings = 0;
			knownRegions = (
				en,
			);
			mainGroup = 5ABDB1EF184ED0A8004F2186;
			productRefGroup = 5ABDB1F9184ED0A8004F2186 /* Products */;
			projectDirPath = "";
			projectRoot = "";
			targets = (
				5ABDB1F7184ED0A8004F2186 /* HTAlertView */,
			);
		};
/* End PBXProject section */

/* Begin PBXResourcesBuildPhase section */
		5ABDB1F6184ED0A8004F2186 /* Resources */ = {
			isa = PBXResourcesBuildPhase;
			buildActionMask = 2147483647;
			files = (
				5ABDB206184ED0A8004F2186 /* InfoPlist.strings in Resources */,
				5ABDB20E184ED0A8004F2186 /* Default.png in Resources */,
				5ABDB210184ED0A8004F2186 /* Default@2x.png in Resources */,
				5ABDB212184ED0A8004F2186 /* Default-568h@2x.png in Resources */,
				5ABDB226184F1C40004F2186 /* custom_alert_view_background.png in Resources */,
				5ABDB227184F1C40004F2186 /* custom_alert_view_background@2x.png in Resources */,
				5ABDB228184F1C40004F2186 /* custom_alert_view_cancel_button.png in Resources */,
				5ABDB229184F1C40004F2186 /* custom_alert_view_cancel_button@2x.png in Resources */,
				5ABDB22A184F1C40004F2186 /* custom_alert_view_submit_button.png in Resources */,
				5ABDB22B184F1C40004F2186 /* custom_alert_view_submit_button@2x.png in Resources */,
			);
			runOnlyForDeploymentPostprocessing = 0;
		};
/* End PBXResourcesBuildPhase section */

/* Begin PBXSourcesBuildPhase section */
		5ABDB1F4184ED0A8004F2186 /* Sources */ = {
			isa = PBXSourcesBuildPhase;
			buildActionMask = 2147483647;
			files = (
				5ABDB208184ED0A8004F2186 /* main.m in Sources */,
				5ABDB20C184ED0A8004F2186 /* AppDelegate.m in Sources */,
				5ABDB21A184ED0B3004F2186 /* HTShadowView.m in Sources */,
				5ABDB21E184F1BE3004F2186 /* HTAlertView.m in Sources */,
				5AB919081851D3A800D25790 /* UIView+Animation.m in Sources */,
			);
			runOnlyForDeploymentPostprocessing = 0;
		};
/* End PBXSourcesBuildPhase section */

/* Begin PBXVariantGroup section */
		5ABDB204184ED0A8004F2186 /* InfoPlist.strings */ = {
			isa = PBXVariantGroup;
			children = (
				5ABDB205184ED0A8004F2186 /* en */,
			);
			name = InfoPlist.strings;
			sourceTree = "<group>";
		};
/* End PBXVariantGroup section */

/* Begin XCBuildConfiguration section */
		5ABDB213184ED0A8004F2186 /* Debug */ = {
			isa = XCBuildConfiguration;
			buildSettings = {
				ALWAYS_SEARCH_USER_PATHS = NO;
				CLANG_CXX_LANGUAGE_STANDARD = "gnu++0x";
				CLANG_CXX_LIBRARY = "libc++";
				CLANG_ENABLE_OBJC_ARC = YES;
				CLANG_WARN_CONSTANT_CONVERSION = YES;
				CLANG_WARN_EMPTY_BODY = YES;
				CLANG_WARN_ENUM_CONVERSION = YES;
				CLANG_WARN_INT_CONVERSION = YES;
				CLANG_WARN__DUPLICATE_METHOD_MATCH = YES;
				"CODE_SIGN_IDENTITY[sdk=iphoneos*]" = "iPhone Developer";
				COPY_PHASE_STRIP = NO;
				GCC_C_LANGUAGE_STANDARD = gnu99;
				GCC_DYNAMIC_NO_PIC = NO;
				GCC_OPTIMIZATION_LEVEL = 0;
				GCC_PREPROCESSOR_DEFINITIONS = (
					"DEBUG=1",
					"$(inherited)",
				);
				GCC_SYMBOLS_PRIVATE_EXTERN = NO;
				GCC_WARN_ABOUT_RETURN_TYPE = YES;
				GCC_WARN_UNINITIALIZED_AUTOS = YES;
				GCC_WARN_UNUSED_VARIABLE = YES;
				IPHONEOS_DEPLOYMENT_TARGET = 6.1;
				ONLY_ACTIVE_ARCH = YES;
				SDKROOT = iphoneos;
				TARGETED_DEVICE_FAMILY = "1,2";
			};
			name = Debug;
		};
		5ABDB214184ED0A8004F2186 /* Release */ = {
			isa = XCBuildConfiguration;
			buildSettings = {
				ALWAYS_SEARCH_USER_PATHS = NO;
				CLANG_CXX_LANGUAGE_STANDARD = "gnu++0x";
				CLANG_CXX_LIBRARY = "libc++";
				CLANG_ENABLE_OBJC_ARC = YES;
				CLANG_WARN_CONSTANT_CONVERSION = YES;
				CLANG_WARN_EMPTY_BODY = YES;
				CLANG_WARN_ENUM_CONVERSION = YES;
				CLANG_WARN_INT_CONVERSION = YES;
				CLANG_WARN__DUPLICATE_METHOD_MATCH = YES;
				"CODE_SIGN_IDENTITY[sdk=iphoneos*]" = "iPhone Developer";
				COPY_PHASE_STRIP = YES;
				GCC_C_LANGUAGE_STANDARD = gnu99;
				GCC_WARN_ABOUT_RETURN_TYPE = YES;
				GCC_WARN_UNINITIALIZED_AUTOS = YES;
				GCC_WARN_UNUSED_VARIABLE = YES;
				IPHONEOS_DEPLOYMENT_TARGET = 6.1;
				OTHER_CFLAGS = "-DNS_BLOCK_ASSERTIONS=1";
				SDKROOT = iphoneos;
				TARGETED_DEVICE_FAMILY = "1,2";
				VALIDATE_PRODUCT = YES;
			};
			name = Release;
		};
		5ABDB216184ED0A8004F2186 /* Debug */ = {
			isa = XCBuildConfiguration;
			buildSettings = {
				GCC_PRECOMPILE_PREFIX_HEADER = YES;
				GCC_PREFIX_HEADER = "HTAlertView/HTAlertView-Prefix.pch";
				INFOPLIST_FILE = "HTAlertView/HTAlertView-Info.plist";
				PRODUCT_NAME = "$(TARGET_NAME)";
				WRAPPER_EXTENSION = app;
			};
			name = Debug;
		};
		5ABDB217184ED0A8004F2186 /* Release */ = {
			isa = XCBuildConfiguration;
			buildSettings = {
				GCC_PRECOMPILE_PREFIX_HEADER = YES;
				GCC_PREFIX_HEADER = "HTAlertView/HTAlertView-Prefix.pch";
				INFOPLIST_FILE = "HTAlertView/HTAlertView-Info.plist";
				PRODUCT_NAME = "$(TARGET_NAME)";
				WRAPPER_EXTENSION = app;
			};
			name = Release;
		};
/* End XCBuildConfiguration section */

/* Begin XCConfigurationList section */
		5ABDB1F3184ED0A8004F2186 /* Build configuration list for PBXProject "HTAlertView" */ = {
			isa = XCConfigurationList;
			buildConfigurations = (
				5ABDB213184ED0A8004F2186 /* Debug */,
				5ABDB214184ED0A8004F2186 /* Release */,
			);
			defaultConfigurationIsVisible = 0;
			defaultConfigurationName = Release;
		};
		5ABDB215184ED0A8004F2186 /* Build configuration list for PBXNativeTarget "HTAlertView" */ = {
			isa = XCConfigurationList;
			buildConfigurations = (
				5ABDB216184ED0A8004F2186 /* Debug */,
				5ABDB217184ED0A8004F2186 /* Release */,
			);
			defaultConfigurationIsVisible = 0;
			defaultConfigurationName = Release;
		};
/* End XCConfigurationList section */
	};
	rootObject = 5ABDB1F0184ED0A8004F2186 /* Project object */;
}
